
Microsoft Visual Studio Solution File, Format Version 12.00
# Visual Studio Version 17
VisualStudioVersion = 17.10.34607.79
MinimumVisualStudioVersion = 10.0.40219.1
Project("{FAE04EC0-301F-11D3-BF4B-00C04F79EFBC}") = "CalculatorProjecttt", "CalculatorProjecttt\CalculatorProjecttt.csproj", "{F143ABB4-B7AA-418E-BBD1-3125C54897D4}"
EndProject
Global
	GlobalSection(SolutionConfigurationPlatforms) = preSolution
		Debug|Any CPU = Debug|Any CPU
		Release|Any CPU = Release|Any CPU
	EndGlobalSection
	GlobalSection(ProjectConfigurationPlatforms) = postSolution
		{F143ABB4-B7AA-418E-BBD1-3125C54897D4}.Debug|Any CPU.ActiveCfg = Debug|Any CPU
		{F143ABB4-B7AA-418E-BBD1-3125C54897D4}.Debug|Any CPU.Build.0 = Debug|Any CPU
		{F143ABB4-B7AA-418E-BBD1-3125C54897D4}.Release|Any CPU.ActiveCfg = Release|Any CPU
		{F143ABB4-B7AA-418E-BBD1-3125C54897D4}.Release|Any CPU.Build.0 = Release|Any CPU
	EndGlobalSection
	GlobalSection(SolutionProperties) = preSolution
		HideSolutionNode = FALSE
	EndGlobalSection
	GlobalSection(ExtensibilityGlobals) = postSolution
		SolutionGuid = {A004A521-D80B-442C-9435-E8FF4A000027}
	EndGlobalSection
EndGlobal
